
Microsoft Visual Studio Solution File, Format Version 12.00
# Visual Studio Version 16
VisualStudioVersion = 16.0.33423.256
MinimumVisualStudioVersion = 10.0.40219.1
Project("{FAE04EC0-301F-11D3-BF4B-00C04F79EFBC}") = "choinka", "choinka\choinka.csproj", "{F4ECE147-83DD-4E72-ACE0-537D1F2180A4}"
EndProject
Global
	GlobalSection(SolutionConfigurationPlatforms) = preSolution
		Debug|Any CPU = Debug|Any CPU
		Release|Any CPU = Release|Any CPU
	EndGlobalSection
	GlobalSection(ProjectConfigurationPlatforms) = postSolution
		{F4ECE147-83DD-4E72-ACE0-537D1F2180A4}.Debug|Any CPU.ActiveCfg = Debug|Any CPU
		{F4ECE147-83DD-4E72-ACE0-537D1F2180A4}.Debug|Any CPU.Build.0 = Debug|Any CPU
		{F4ECE147-83DD-4E72-ACE0-537D1F2180A4}.Release|Any CPU.ActiveCfg = Release|Any CPU
		{F4ECE147-83DD-4E72-ACE0-537D1F2180A4}.Release|Any CPU.Build.0 = Release|Any CPU
	EndGlobalSection
	GlobalSection(SolutionProperties) = preSolution
		HideSolutionNode = FALSE
	EndGlobalSection
	GlobalSection(ExtensibilityGlobals) = postSolution
		SolutionGuid = {784D5A4C-4A67-4F60-A481-2A978CDBAAE4}
	EndGlobalSection
EndGlobal
